Microsoft Visual Studio Solution File, Format Version 12.00
# Visual Studio Version 17
VisualStudioVersion = 17.5.2.0
MinimumVisualStudioVersion = 10.0.40219.1
Project("{FAE04EC0-301F-11D3-BF4B-00C04F79EFBC}") = "BookListingAPI", "BookListingAPI.csproj", "{8489256F-3B95-6491-F3D6-925F797335EB}"
EndProject
Global
	GlobalSection(SolutionConfigurationPlatforms) = preSolution
		Debug|Any CPU = Debug|Any CPU
		Release|Any CPU = Release|Any CPU
	EndGlobalSection
	GlobalSection(ProjectConfigurationPlatforms) = postSolution
		{8489256F-3B95-6491-F3D6-925F797335EB}.Debug|Any CPU.ActiveCfg = Debug|Any CPU
		{8489256F-3B95-6491-F3D6-925F797335EB}.Debug|Any CPU.Build.0 = Debug|Any CPU
		{8489256F-3B95-6491-F3D6-925F797335EB}.Release|Any CPU.ActiveCfg = Release|Any CPU
		{8489256F-3B95-6491-F3D6-925F797335EB}.Release|Any CPU.Build.0 = Release|Any CPU
	EndGlobalSection
	GlobalSection(SolutionProperties) = preSolution
		HideSolutionNode = FALSE
	EndGlobalSection
	GlobalSection(ExtensibilityGlobals) = postSolution
		SolutionGuid = {1016969F-6F01-402E-97B5-B45E67C1758F}
	EndGlobalSection
EndGlobal
